
Microsoft Visual Studio Solution File, Format Version 12.00
Project("{2150E333-8FDC-42A3-9474-1A3956D46DE8}") = "AplicandoSRP", "AplicandoSRP", "{F82C66EA-295C-4390-A178-4559B3A4505C}"
EndProject
Project("{FAE04EC0-301F-11D3-BF4B-00C04F79EFBC}") = "AplicandoSRP", "AplicandoSRP\AplicandoSRP.csproj", "{E3593DE5-DDB8-4AE5-BE61-C89C9BEAC2AE}"
EndProject
Global
	GlobalSection(SolutionConfigurationPlatforms) = preSolution
		Debug|Any CPU = Debug|Any CPU
		Release|Any CPU = Release|Any CPU
	EndGlobalSection
	GlobalSection(NestedProjects) = preSolution
		{E3593DE5-DDB8-4AE5-BE61-C89C9BEAC2AE} = {F82C66EA-295C-4390-A178-4559B3A4505C}
	EndGlobalSection
	GlobalSection(ProjectConfigurationPlatforms) = postSolution
		{E3593DE5-DDB8-4AE5-BE61-C89C9BEAC2AE}.Debug|Any CPU.ActiveCfg = Debug|Any CPU
		{E3593DE5-DDB8-4AE5-BE61-C89C9BEAC2AE}.Debug|Any CPU.Build.0 = Debug|Any CPU
		{E3593DE5-DDB8-4AE5-BE61-C89C9BEAC2AE}.Release|Any CPU.ActiveCfg = Release|Any CPU
		{E3593DE5-DDB8-4AE5-BE61-C89C9BEAC2AE}.Release|Any CPU.Build.0 = Release|Any CPU
	EndGlobalSection
EndGlobal
