
Microsoft Visual Studio Solution File, Format Version 12.00
Project("{2150E333-8FDC-42A3-9474-1A3956D46DE8}") = "AplicandoISP", "AplicandoISP", "{0F0BC971-5C33-4068-80D1-6920629B954B}"
EndProject
Project("{FAE04EC0-301F-11D3-BF4B-00C04F79EFBC}") = "AplicandoISP", "AplicandoISP\AplicandoISP.csproj", "{39D48482-BAAA-4293-85E6-71EBBCF43BD0}"
EndProject
Global
	GlobalSection(SolutionConfigurationPlatforms) = preSolution
		Debug|Any CPU = Debug|Any CPU
		Release|Any CPU = Release|Any CPU
	EndGlobalSection
	GlobalSection(NestedProjects) = preSolution
		{39D48482-BAAA-4293-85E6-71EBBCF43BD0} = {0F0BC971-5C33-4068-80D1-6920629B954B}
	EndGlobalSection
	GlobalSection(ProjectConfigurationPlatforms) = postSolution
		{39D48482-BAAA-4293-85E6-71EBBCF43BD0}.Debug|Any CPU.ActiveCfg = Debug|Any CPU
		{39D48482-BAAA-4293-85E6-71EBBCF43BD0}.Debug|Any CPU.Build.0 = Debug|Any CPU
		{39D48482-BAAA-4293-85E6-71EBBCF43BD0}.Release|Any CPU.ActiveCfg = Release|Any CPU
		{39D48482-BAAA-4293-85E6-71EBBCF43BD0}.Release|Any CPU.Build.0 = Release|Any CPU
	EndGlobalSection
EndGlobal
